
Microsoft Visual Studio Solution File, Format Version 12.00
# Visual Studio Version 17
VisualStudioVersion = 17.8.34330.188
MinimumVisualStudioVersion = 10.0.40219.1
Project("{FAE04EC0-301F-11D3-BF4B-00C04F79EFBC}") = "OurFirstApp", "OurFirstApp\OurFirstApp.csproj", "{77ED89CF-65EF-42C4-9F82-6D9605608CBB}"
EndProject
Global
	GlobalSection(SolutionConfigurationPlatforms) = preSolution
		Debug|Any CPU = Debug|Any CPU
		Release|Any CPU = Release|Any CPU
	EndGlobalSection
	GlobalSection(ProjectConfigurationPlatforms) = postSolution
		{77ED89CF-65EF-42C4-9F82-6D9605608CBB}.Debug|Any CPU.ActiveCfg = Debug|Any CPU
		{77ED89CF-65EF-42C4-9F82-6D9605608CBB}.Debug|Any CPU.Build.0 = Debug|Any CPU
		{77ED89CF-65EF-42C4-9F82-6D9605608CBB}.Release|Any CPU.ActiveCfg = Release|Any CPU
		{77ED89CF-65EF-42C4-9F82-6D9605608CBB}.Release|Any CPU.Build.0 = Release|Any CPU
	EndGlobalSection
	GlobalSection(SolutionProperties) = preSolution
		HideSolutionNode = FALSE
	EndGlobalSection
	GlobalSection(ExtensibilityGlobals) = postSolution
		SolutionGuid = {0FFFB650-E1BD-43B7-A0F2-571BBC08ABF6}
	EndGlobalSection
EndGlobal
